
Microsoft Visual Studio Solution File, Format Version 12.00
# Visual Studio Version 17
VisualStudioVersion = 17.6.33815.320
MinimumVisualStudioVersion = 10.0.40219.1
Project("{FAE04EC0-301F-11D3-BF4B-00C04F79EFBC}") = "eProjectP3", "eProjectP3\eProjectP3.csproj", "{741A4877-537C-4B87-809C-2C7736276AB9}"
EndProject
Global
	GlobalSection(SolutionConfigurationPlatforms) = preSolution
		Debug|Any CPU = Debug|Any CPU
		Release|Any CPU = Release|Any CPU
	EndGlobalSection
	GlobalSection(ProjectConfigurationPlatforms) = postSolution
		{741A4877-537C-4B87-809C-2C7736276AB9}.Debug|Any CPU.ActiveCfg = Debug|Any CPU
		{741A4877-537C-4B87-809C-2C7736276AB9}.Debug|Any CPU.Build.0 = Debug|Any CPU
		{741A4877-537C-4B87-809C-2C7736276AB9}.Release|Any CPU.ActiveCfg = Release|Any CPU
		{741A4877-537C-4B87-809C-2C7736276AB9}.Release|Any CPU.Build.0 = Release|Any CPU
	EndGlobalSection
	GlobalSection(SolutionProperties) = preSolution
		HideSolutionNode = FALSE
	EndGlobalSection
	GlobalSection(ExtensibilityGlobals) = postSolution
		SolutionGuid = {97AE09DD-DD4A-4997-BAA5-3AE1EB5B9783}
	EndGlobalSection
EndGlobal
